
Microsoft Visual Studio Solution File, Format Version 12.00
# Visual Studio 15
VisualStudioVersion = 15.0.26124.0
MinimumVisualStudioVersion = 15.0.26124.0
Project("{2150E333-8FDC-42A3-9474-1A3956D46DE8}") = "Src", "Src", "{54DE2E57-AF52-4684-AD5B-D653EFDFE04E}"
EndProject
Project("{FAE04EC0-301F-11D3-BF4B-00C04F79EFBC}") = "Cli", "Src\Cli\Cli.csproj", "{2F62F479-0A27-4B92-AAB8-72F09CFF332E}"
EndProject
Project("{FAE04EC0-301F-11D3-BF4B-00C04F79EFBC}") = "UserService", "Src\UserService\UserService.csproj", "{67498171-659F-44A0-A361-630D8AF0DA0A}"
EndProject
Project("{2150E333-8FDC-42A3-9474-1A3956D46DE8}") = "Test", "Test", "{61D9E71A-7A3F-4248-A69A-67ADE87A6E80}"
EndProject
Project("{FAE04EC0-301F-11D3-BF4B-00C04F79EFBC}") = "UserService.Test", "Test\UserService.Test\UserService.Test.csproj", "{5B3D9FDE-E7B1-43D6-A796-060684396EB1}"
EndProject
Global
	GlobalSection(SolutionProperties) = preSolution
		HideSolutionNode = FALSE
	EndGlobalSection
	GlobalSection(SolutionConfigurationPlatforms) = preSolution
		Debug|Any CPU = Debug|Any CPU
		Debug|x64 = Debug|x64
		Debug|x86 = Debug|x86
		Release|Any CPU = Release|Any CPU
		Release|x64 = Release|x64
		Release|x86 = Release|x86
	EndGlobalSection
	GlobalSection(ProjectConfigurationPlatforms) = postSolution
		{2F62F479-0A27-4B92-AAB8-72F09CFF332E}.Debug|Any CPU.ActiveCfg = Debug|Any CPU
		{2F62F479-0A27-4B92-AAB8-72F09CFF332E}.Debug|Any CPU.Build.0 = Debug|Any CPU
		{2F62F479-0A27-4B92-AAB8-72F09CFF332E}.Debug|x64.ActiveCfg = Debug|Any CPU
		{2F62F479-0A27-4B92-AAB8-72F09CFF332E}.Debug|x64.Build.0 = Debug|Any CPU
		{2F62F479-0A27-4B92-AAB8-72F09CFF332E}.Debug|x86.ActiveCfg = Debug|Any CPU
		{2F62F479-0A27-4B92-AAB8-72F09CFF332E}.Debug|x86.Build.0 = Debug|Any CPU
		{2F62F479-0A27-4B92-AAB8-72F09CFF332E}.Release|Any CPU.ActiveCfg = Release|Any CPU
		{2F62F479-0A27-4B92-AAB8-72F09CFF332E}.Release|Any CPU.Build.0 = Release|Any CPU
		{2F62F479-0A27-4B92-AAB8-72F09CFF332E}.Release|x64.ActiveCfg = Release|Any CPU
		{2F62F479-0A27-4B92-AAB8-72F09CFF332E}.Release|x64.Build.0 = Release|Any CPU
		{2F62F479-0A27-4B92-AAB8-72F09CFF332E}.Release|x86.ActiveCfg = Release|Any CPU
		{2F62F479-0A27-4B92-AAB8-72F09CFF332E}.Release|x86.Build.0 = Release|Any CPU
		{67498171-659F-44A0-A361-630D8AF0DA0A}.Debug|Any CPU.ActiveCfg = Debug|Any CPU
		{67498171-659F-44A0-A361-630D8AF0DA0A}.Debug|Any CPU.Build.0 = Debug|Any CPU
		{67498171-659F-44A0-A361-630D8AF0DA0A}.Debug|x64.ActiveCfg = Debug|Any CPU
		{67498171-659F-44A0-A361-630D8AF0DA0A}.Debug|x64.Build.0 = Debug|Any CPU
		{67498171-659F-44A0-A361-630D8AF0DA0A}.Debug|x86.ActiveCfg = Debug|Any CPU
		{67498171-659F-44A0-A361-630D8AF0DA0A}.Debug|x86.Build.0 = Debug|Any CPU
		{67498171-659F-44A0-A361-630D8AF0DA0A}.Release|Any CPU.ActiveCfg = Release|Any CPU
		{67498171-659F-44A0-A361-630D8AF0DA0A}.Release|Any CPU.Build.0 = Release|Any CPU
		{67498171-659F-44A0-A361-630D8AF0DA0A}.Release|x64.ActiveCfg = Release|Any CPU
		{67498171-659F-44A0-A361-630D8AF0DA0A}.Release|x64.Build.0 = Release|Any CPU
		{67498171-659F-44A0-A361-630D8AF0DA0A}.Release|x86.ActiveCfg = Release|Any CPU
		{67498171-659F-44A0-A361-630D8AF0DA0A}.Release|x86.Build.0 = Release|Any CPU
		{5B3D9FDE-E7B1-43D6-A796-060684396EB1}.Debug|Any CPU.ActiveCfg = Debug|Any CPU
		{5B3D9FDE-E7B1-43D6-A796-060684396EB1}.Debug|Any CPU.Build.0 = Debug|Any CPU
		{5B3D9FDE-E7B1-43D6-A796-060684396EB1}.Debug|x64.ActiveCfg = Debug|Any CPU
		{5B3D9FDE-E7B1-43D6-A796-060684396EB1}.Debug|x64.Build.0 = Debug|Any CPU
		{5B3D9FDE-E7B1-43D6-A796-060684396EB1}.Debug|x86.ActiveCfg = Debug|Any CPU
		{5B3D9FDE-E7B1-43D6-A796-060684396EB1}.Debug|x86.Build.0 = Debug|Any CPU
		{5B3D9FDE-E7B1-43D6-A796-060684396EB1}.Release|Any CPU.ActiveCfg = Release|Any CPU
		{5B3D9FDE-E7B1-43D6-A796-060684396EB1}.Release|Any CPU.Build.0 = Release|Any CPU
		{5B3D9FDE-E7B1-43D6-A796-060684396EB1}.Release|x64.ActiveCfg = Release|Any CPU
		{5B3D9FDE-E7B1-43D6-A796-060684396EB1}.Release|x64.Build.0 = Release|Any CPU
		{5B3D9FDE-E7B1-43D6-A796-060684396EB1}.Release|x86.ActiveCfg = Release|Any CPU
		{5B3D9FDE-E7B1-43D6-A796-060684396EB1}.Release|x86.Build.0 = Release|Any CPU
	EndGlobalSection
	GlobalSection(NestedProjects) = preSolution
		{2F62F479-0A27-4B92-AAB8-72F09CFF332E} = {54DE2E57-AF52-4684-AD5B-D653EFDFE04E}
		{67498171-659F-44A0-A361-630D8AF0DA0A} = {54DE2E57-AF52-4684-AD5B-D653EFDFE04E}
		{5B3D9FDE-E7B1-43D6-A796-060684396EB1} = {61D9E71A-7A3F-4248-A69A-67ADE87A6E80}
	EndGlobalSection
EndGlobal
